
Microsoft Visual Studio Solution File, Format Version 12.00
# Visual Studio 15
Project("{FAE04EC0-301F-11D3-BF4B-00C04F79EFBC}") = "GettingStarted2.Android", "GettingStarted2.Android\GettingStarted2.Android.csproj", "{A8816EB8-88DD-4936-BE99-5956CF9B84DA}"
EndProject
Project("{FAE04EC0-301F-11D3-BF4B-00C04F79EFBC}") = "GettingStarted2.iOS", "GettingStarted2.iOS\GettingStarted2.iOS.csproj", "{485A739D-D75C-4116-B384-D7E25D9B8E8C}"
EndProject
Project("{FAE04EC0-301F-11D3-BF4B-00C04F79EFBC}") = "GettingStarted2", "GettingStarted2\GettingStarted2.csproj", "{4A97D58F-EEB9-44CE-A109-D0899C3A4888}"
EndProject
Global
	GlobalSection(SolutionConfigurationPlatforms) = preSolution
		Debug|Any CPU = Debug|Any CPU
		Release|Any CPU = Release|Any CPU
		Debug|iPhoneSimulator = Debug|iPhoneSimulator
		Release|iPhoneSimulator = Release|iPhoneSimulator
		Debug|iPhone = Debug|iPhone
		Release|iPhone = Release|iPhone
		Ad-Hoc|iPhone = Ad-Hoc|iPhone
		AppStore|iPhone = AppStore|iPhone
	EndGlobalSection
	GlobalSection(ProjectConfigurationPlatforms) = postSolution
		{A8816EB8-88DD-4936-BE99-5956CF9B84DA}.Debug|Any CPU.ActiveCfg = Debug|Any CPU
		{A8816EB8-88DD-4936-BE99-5956CF9B84DA}.Debug|Any CPU.Build.0 = Debug|Any CPU
		{A8816EB8-88DD-4936-BE99-5956CF9B84DA}.Release|Any CPU.ActiveCfg = Release|Any CPU
		{A8816EB8-88DD-4936-BE99-5956CF9B84DA}.Release|Any CPU.Build.0 = Release|Any CPU
		{A8816EB8-88DD-4936-BE99-5956CF9B84DA}.Debug|iPhoneSimulator.ActiveCfg = Debug|Any CPU
		{A8816EB8-88DD-4936-BE99-5956CF9B84DA}.Debug|iPhoneSimulator.Build.0 = Debug|Any CPU
		{A8816EB8-88DD-4936-BE99-5956CF9B84DA}.Release|iPhoneSimulator.ActiveCfg = Release|Any CPU
		{A8816EB8-88DD-4936-BE99-5956CF9B84DA}.Release|iPhoneSimulator.Build.0 = Release|Any CPU
		{A8816EB8-88DD-4936-BE99-5956CF9B84DA}.Debug|iPhone.ActiveCfg = Debug|Any CPU
		{A8816EB8-88DD-4936-BE99-5956CF9B84DA}.Debug|iPhone.Build.0 = Debug|Any CPU
		{A8816EB8-88DD-4936-BE99-5956CF9B84DA}.Release|iPhone.ActiveCfg = Release|Any CPU
		{A8816EB8-88DD-4936-BE99-5956CF9B84DA}.Release|iPhone.Build.0 = Release|Any CPU
		{A8816EB8-88DD-4936-BE99-5956CF9B84DA}.Ad-Hoc|iPhone.ActiveCfg = Debug|Any CPU
		{A8816EB8-88DD-4936-BE99-5956CF9B84DA}.Ad-Hoc|iPhone.Build.0 = Debug|Any CPU
		{A8816EB8-88DD-4936-BE99-5956CF9B84DA}.AppStore|iPhone.ActiveCfg = Debug|Any CPU
		{A8816EB8-88DD-4936-BE99-5956CF9B84DA}.AppStore|iPhone.Build.0 = Debug|Any CPU
		{485A739D-D75C-4116-B384-D7E25D9B8E8C}.Debug|Any CPU.ActiveCfg = Debug|iPhoneSimulator
		{485A739D-D75C-4116-B384-D7E25D9B8E8C}.Debug|Any CPU.Build.0 = Debug|iPhoneSimulator
		{485A739D-D75C-4116-B384-D7E25D9B8E8C}.Release|Any CPU.ActiveCfg = Release|iPhoneSimulator
		{485A739D-D75C-4116-B384-D7E25D9B8E8C}.Release|Any CPU.Build.0 = Release|iPhoneSimulator
		{485A739D-D75C-4116-B384-D7E25D9B8E8C}.Debug|iPhoneSimulator.ActiveCfg = Debug|iPhoneSimulator
		{485A739D-D75C-4116-B384-D7E25D9B8E8C}.Debug|iPhoneSimulator.Build.0 = Debug|iPhoneSimulator
		{485A739D-D75C-4116-B384-D7E25D9B8E8C}.Release|iPhoneSimulator.ActiveCfg = Release|iPhoneSimulator
		{485A739D-D75C-4116-B384-D7E25D9B8E8C}.Release|iPhoneSimulator.Build.0 = Release|iPhoneSimulator
		{485A739D-D75C-4116-B384-D7E25D9B8E8C}.Debug|iPhone.ActiveCfg = Debug|iPhone
		{485A739D-D75C-4116-B384-D7E25D9B8E8C}.Debug|iPhone.Build.0 = Debug|iPhone
		{485A739D-D75C-4116-B384-D7E25D9B8E8C}.Release|iPhone.ActiveCfg = Release|iPhone
		{485A739D-D75C-4116-B384-D7E25D9B8E8C}.Release|iPhone.Build.0 = Release|iPhone
		{485A739D-D75C-4116-B384-D7E25D9B8E8C}.Ad-Hoc|iPhone.ActiveCfg = Ad-Hoc|iPhone
		{485A739D-D75C-4116-B384-D7E25D9B8E8C}.Ad-Hoc|iPhone.Build.0 = Ad-Hoc|iPhone
		{485A739D-D75C-4116-B384-D7E25D9B8E8C}.AppStore|iPhone.ActiveCfg = AppStore|iPhone
		{485A739D-D75C-4116-B384-D7E25D9B8E8C}.AppStore|iPhone.Build.0 = AppStore|iPhone
		{4A97D58F-EEB9-44CE-A109-D0899C3A4888}.Debug|Any CPU.ActiveCfg = Debug|Any CPU
		{4A97D58F-EEB9-44CE-A109-D0899C3A4888}.Debug|Any CPU.Build.0 = Debug|Any CPU
		{4A97D58F-EEB9-44CE-A109-D0899C3A4888}.Release|Any CPU.ActiveCfg = Release|Any CPU
		{4A97D58F-EEB9-44CE-A109-D0899C3A4888}.Release|Any CPU.Build.0 = Release|Any CPU
		{4A97D58F-EEB9-44CE-A109-D0899C3A4888}.Debug|iPhoneSimulator.ActiveCfg = Debug|Any CPU
		{4A97D58F-EEB9-44CE-A109-D0899C3A4888}.Debug|iPhoneSimulator.Build.0 = Debug|Any CPU
		{4A97D58F-EEB9-44CE-A109-D0899C3A4888}.Release|iPhoneSimulator.ActiveCfg = Release|Any CPU
		{4A97D58F-EEB9-44CE-A109-D0899C3A4888}.Release|iPhoneSimulator.Build.0 = Release|Any CPU
		{4A97D58F-EEB9-44CE-A109-D0899C3A4888}.Debug|iPhone.ActiveCfg = Debug|Any CPU
		{4A97D58F-EEB9-44CE-A109-D0899C3A4888}.Debug|iPhone.Build.0 = Debug|Any CPU
		{4A97D58F-EEB9-44CE-A109-D0899C3A4888}.Release|iPhone.ActiveCfg = Release|Any CPU
		{4A97D58F-EEB9-44CE-A109-D0899C3A4888}.Release|iPhone.Build.0 = Release|Any CPU
		{4A97D58F-EEB9-44CE-A109-D0899C3A4888}.Ad-Hoc|iPhone.ActiveCfg = Debug|Any CPU
		{4A97D58F-EEB9-44CE-A109-D0899C3A4888}.Ad-Hoc|iPhone.Build.0 = Debug|Any CPU
		{4A97D58F-EEB9-44CE-A109-D0899C3A4888}.AppStore|iPhone.ActiveCfg = Debug|Any CPU
		{4A97D58F-EEB9-44CE-A109-D0899C3A4888}.AppStore|iPhone.Build.0 = Debug|Any CPU
	EndGlobalSection
EndGlobal
